// !$*UTF8*$!
{
	archiveVersion = 1;
	classes = {
	};
	objectVersion = 50;
	objects = {

/* Begin PBXBuildFile section */
		AB203A75256E7C41005E3387 /* KlockappApp.swift in Sources */ = {isa = PBXBuildFile; fileRef = AB203A74256E7C41005E3387 /* KlockappApp.swift */; };
		AB203A77256E7C41005E3387 /* ContentView.swift in Sources */ = {isa = PBXBuildFile; fileRef = AB203A76256E7C41005E3387 /* ContentView.swift */; };
		AB203A79256E7C44005E3387 /* Assets.xcassets in Resources */ = {isa = PBXBuildFile; fileRef = AB203A78256E7C44005E3387 /* Assets.xcassets */; };
		AB203A7C256E7C44005E3387 /* Preview Assets.xcassets in Resources */ = {isa = PBXBuildFile; fileRef = AB203A7B256E7C44005E3387 /* Preview Assets.xcassets */; };
		AB203A89256E7FE2005E3387 /* Assets.xcassets in Resources */ = {isa = PBXBuildFile; fileRef = AB203A88256E7FE2005E3387 /* Assets.xcassets */; };
		AB203A90256E7FE2005E3387 /* KlockappAW Extension.appex in Embed App Extensions */ = {isa = PBXBuildFile; fileRef = AB203A8F256E7FE2005E3387 /* KlockappAW Extension.appex */; settings = {ATTRIBUTES = (RemoveHeadersOnCopy, ); }; };
		AB203A95256E7FE2005E3387 /* KlockappApp.swift in Sources */ = {isa = PBXBuildFile; fileRef = AB203A94256E7FE2005E3387 /* KlockappApp.swift */; };
		AB203A97256E7FE2005E3387 /* ContentView.swift in Sources */ = {isa = PBXBuildFile; fileRef = AB203A96256E7FE2005E3387 /* ContentView.swift */; };
		AB203A99256E7FE2005E3387 /* NotificationController.swift in Sources */ = {isa = PBXBuildFile; fileRef = AB203A98256E7FE2005E3387 /* NotificationController.swift */; };
		AB203A9B256E7FE2005E3387 /* NotificationView.swift in Sources */ = {isa = PBXBuildFile; fileRef = AB203A9A256E7FE2005E3387 /* NotificationView.swift */; };
		AB203A9D256E7FE3005E3387 /* ComplicationController.swift in Sources */ = {isa = PBXBuildFile; fileRef = AB203A9C256E7FE2005E3387 /* ComplicationController.swift */; };
		AB203A9F256E7FE3005E3387 /* Assets.xcassets in Resources */ = {isa = PBXBuildFile; fileRef = AB203A9E256E7FE3005E3387 /* Assets.xcassets */; };
		AB203AA2256E7FE3005E3387 /* Preview Assets.xcassets in Resources */ = {isa = PBXBuildFile; fileRef = AB203AA1256E7FE3005E3387 /* Preview Assets.xcassets */; };
		AB203AA7256E7FE3005E3387 /* KlockappAW.app in Embed Watch Content */ = {isa = PBXBuildFile; fileRef = AB203A86256E7FE0005E3387 /* KlockappAW.app */; settings = {ATTRIBUTES = (RemoveHeadersOnCopy, ); }; };
		AB203AB4256E849B005E3387 /* Klockcom.swift in Sources */ = {isa = PBXBuildFile; fileRef = AB203AB3256E849B005E3387 /* Klockcom.swift */; };
		AB203ABF256E8842005E3387 /* Klockcom.swift in Sources */ = {isa = PBXBuildFile; fileRef = AB203AB3256E849B005E3387 /* Klockcom.swift */; };
/* End PBXBuildFile section */

/* Begin PBXContainerItemProxy section */
		AB203A91256E7FE2005E3387 /* PBXContainerItemProxy */ = {
			isa = PBXContainerItemProxy;
			containerPortal = AB203A69256E7C41005E3387 /* Project object */;
			proxyType = 1;
			remoteGlobalIDString = AB203A8E256E7FE2005E3387;
			remoteInfo = "KlockappAW Extension";
		};
		AB203AA5256E7FE3005E3387 /* PBXContainerItemProxy */ = {
			isa = PBXContainerItemProxy;
			containerPortal = AB203A69256E7C41005E3387 /* Project object */;
			proxyType = 1;
			remoteGlobalIDString = AB203A85256E7FE0005E3387;
			remoteInfo = KlockappAW;
		};
/* End PBXContainerItemProxy section */

/* Begin PBXCopyFilesBuildPhase section */
		AB203AAB256E7FE3005E3387 /* Embed App Extensions */ = {
			isa = PBXCopyFilesBuildPhase;
			buildActionMask = 2147483647;
			dstPath = "";
			dstSubfolderSpec = 13;
			files = (
				AB203A90256E7FE2005E3387 /* KlockappAW Extension.appex in Embed App Extensions */,
			);
			name = "Embed App Extensions";
			runOnlyForDeploymentPostprocessing = 0;
		};
		AB203AAF256E7FE3005E3387 /* Embed Watch Content */ = {
			isa = PBXCopyFilesBuildPhase;
			buildActionMask = 2147483647;
			dstPath = "$(CONTENTS_FOLDER_PATH)/Watch";
			dstSubfolderSpec = 16;
			files = (
				AB203AA7256E7FE3005E3387 /* KlockappAW.app in Embed Watch Content */,
			);
			name = "Embed Watch Content";
			runOnlyForDeploymentPostprocessing = 0;
		};
/* End PBXCopyFilesBuildPhase section */

/* Begin PBXFileReference section */
		AB203A71256E7C41005E3387 /* Klockapp.app */ = {isa = PBXFileReference; explicitFileType = wrapper.application; includeInIndex = 0; path = Klockapp.app; sourceTree = BUILT_PRODUCTS_DIR; };
		AB203A74256E7C41005E3387 /* KlockappApp.swift */ = {isa = PBXFileReference; lastKnownFileType = sourcecode.swift; path = KlockappApp.swift; sourceTree = "<group>"; };
		AB203A76256E7C41005E3387 /* ContentView.swift */ = {isa = PBXFileReference; lastKnownFileType = sourcecode.swift; path = ContentView.swift; sourceTree = "<group>"; };
		AB203A78256E7C44005E3387 /* Assets.xcassets */ = {isa = PBXFileReference; lastKnownFileType = folder.assetcatalog; path = Assets.xcassets; sourceTree = "<group>"; };
		AB203A7B256E7C44005E3387 /* Preview Assets.xcassets */ = {isa = PBXFileReference; lastKnownFileType = folder.assetcatalog; path = "Preview Assets.xcassets"; sourceTree = "<group>"; };
		AB203A7D256E7C44005E3387 /* Info.plist */ = {isa = PBXFileReference; lastKnownFileType = text.plist.xml; path = Info.plist; sourceTree = "<group>"; };
		AB203A86256E7FE0005E3387 /* KlockappAW.app */ = {isa = PBXFileReference; explicitFileType = wrapper.application; includeInIndex = 0; path = KlockappAW.app; sourceTree = BUILT_PRODUCTS_DIR; };
		AB203A88256E7FE2005E3387 /* Assets.xcassets */ = {isa = PBXFileReference; lastKnownFileType = folder.assetcatalog; path = Assets.xcassets; sourceTree = "<group>"; };
		AB203A8A256E7FE2005E3387 /* Info.plist */ = {isa = PBXFileReference; lastKnownFileType = text.plist.xml; path = Info.plist; sourceTree = "<group>"; };
		AB203A8F256E7FE2005E3387 /* KlockappAW Extension.appex */ = {isa = PBXFileReference; explicitFileType = "wrapper.app-extension"; includeInIndex = 0; path = "KlockappAW Extension.appex"; sourceTree = BUILT_PRODUCTS_DIR; };
		AB203A94256E7FE2005E3387 /* KlockappApp.swift */ = {isa = PBXFileReference; lastKnownFileType = sourcecode.swift; path = KlockappApp.swift; sourceTree = "<group>"; };
		AB203A96256E7FE2005E3387 /* ContentView.swift */ = {isa = PBXFileReference; lastKnownFileType = sourcecode.swift; path = ContentView.swift; sourceTree = "<group>"; };
		AB203A98256E7FE2005E3387 /* NotificationController.swift */ = {isa = PBXFileReference; lastKnownFileType = sourcecode.swift; path = NotificationController.swift; sourceTree = "<group>"; };
		AB203A9A256E7FE2005E3387 /* NotificationView.swift */ = {isa = PBXFileReference; lastKnownFileType = sourcecode.swift; path = NotificationView.swift; sourceTree = "<group>"; };
		AB203A9C256E7FE2005E3387 /* ComplicationController.swift */ = {isa = PBXFileReference; lastKnownFileType = sourcecode.swift; path = ComplicationController.swift; sourceTree = "<group>"; };
		AB203A9E256E7FE3005E3387 /* Assets.xcassets */ = {isa = PBXFileReference; lastKnownFileType = folder.assetcatalog; path = Assets.xcassets; sourceTree = "<group>"; };
		AB203AA1256E7FE3005E3387 /* Preview Assets.xcassets */ = {isa = PBXFileReference; lastKnownFileType = folder.assetcatalog; path = "Preview Assets.xcassets"; sourceTree = "<group>"; };
		AB203AA3256E7FE3005E3387 /* Info.plist */ = {isa = PBXFileReference; lastKnownFileType = text.plist.xml; path = Info.plist; sourceTree = "<group>"; };
		AB203AA4256E7FE3005E3387 /* PushNotificationPayload.apns */ = {isa = PBXFileReference; lastKnownFileType = text; path = PushNotificationPayload.apns; sourceTree = "<group>"; };
		AB203AB3256E849B005E3387 /* Klockcom.swift */ = {isa = PBXFileReference; lastKnownFileType = sourcecode.swift; path = Klockcom.swift; sourceTree = "<group>"; };
		AB203AC3256E8CCF005E3387 /* Klockapp.entitlements */ = {isa = PBXFileReference; lastKnownFileType = text.plist.entitlements; path = Klockapp.entitlements; sourceTree = "<group>"; };
		AB203ACA256E8D13005E3387 /* KlockappAW Extension.entitlements */ = {isa = PBXFileReference; lastKnownFileType = text.plist.entitlements; path = "KlockappAW Extension.entitlements"; sourceTree = "<group>"; };
/* End PBXFileReference section */

/* Begin PBXFrameworksBuildPhase section */
		AB203A6E256E7C41005E3387 /* Frameworks */ = {
			isa = PBXFrameworksBuildPhase;
			buildActionMask = 2147483647;
			files = (
			);
			runOnlyForDeploymentPostprocessing = 0;
		};
		AB203A8C256E7FE2005E3387 /* Frameworks */ = {
			isa = PBXFrameworksBuildPhase;
			buildActionMask = 2147483647;
			files = (
			);
			runOnlyForDeploymentPostprocessing = 0;
		};
/* End PBXFrameworksBuildPhase section */

/* Begin PBXGroup section */
		AB203A68256E7C41005E3387 = {
			isa = PBXGroup;
			children = (
				AB203A73256E7C41005E3387 /* Klockapp */,
				AB203A87256E7FE0005E3387 /* KlockappAW */,
				AB203A93256E7FE2005E3387 /* KlockappAW Extension */,
				AB203A72256E7C41005E3387 /* Products */,
			);
			sourceTree = "<group>";
		};
		AB203A72256E7C41005E3387 /* Products */ = {
			isa = PBXGroup;
			children = (
				AB203A71256E7C41005E3387 /* Klockapp.app */,
				AB203A86256E7FE0005E3387 /* KlockappAW.app */,
				AB203A8F256E7FE2005E3387 /* KlockappAW Extension.appex */,
			);
			name = Products;
			sourceTree = "<group>";
		};
		AB203A73256E7C41005E3387 /* Klockapp */ = {
			isa = PBXGroup;
			children = (
				AB203AC3256E8CCF005E3387 /* Klockapp.entitlements */,
				AB203A74256E7C41005E3387 /* KlockappApp.swift */,
				AB203A76256E7C41005E3387 /* ContentView.swift */,
				AB203AB3256E849B005E3387 /* Klockcom.swift */,
				AB203A78256E7C44005E3387 /* Assets.xcassets */,
				AB203A7D256E7C44005E3387 /* Info.plist */,
				AB203A7A256E7C44005E3387 /* Preview Content */,
			);
			path = Klockapp;
			sourceTree = "<group>";
		};
		AB203A7A256E7C44005E3387 /* Preview Content */ = {
			isa = PBXGroup;
			children = (
				AB203A7B256E7C44005E3387 /* Preview Assets.xcassets */,
			);
			path = "Preview Content";
			sourceTree = "<group>";
		};
		AB203A87256E7FE0005E3387 /* KlockappAW */ = {
			isa = PBXGroup;
			children = (
				AB203A88256E7FE2005E3387 /* Assets.xcassets */,
				AB203A8A256E7FE2005E3387 /* Info.plist */,
			);
			path = KlockappAW;
			sourceTree = "<group>";
		};
		AB203A93256E7FE2005E3387 /* KlockappAW Extension */ = {
			isa = PBXGroup;
			children = (
				AB203ACA256E8D13005E3387 /* KlockappAW Extension.entitlements */,
				AB203A94256E7FE2005E3387 /* KlockappApp.swift */,
				AB203A96256E7FE2005E3387 /* ContentView.swift */,
				AB203A98256E7FE2005E3387 /* NotificationController.swift */,
				AB203A9A256E7FE2005E3387 /* NotificationView.swift */,
				AB203A9C256E7FE2005E3387 /* ComplicationController.swift */,
				AB203A9E256E7FE3005E3387 /* Assets.xcassets */,
				AB203AA3256E7FE3005E3387 /* Info.plist */,
				AB203AA4256E7FE3005E3387 /* PushNotificationPayload.apns */,
				AB203AA0256E7FE3005E3387 /* Preview Content */,
			);
			path = "KlockappAW Extension";
			sourceTree = "<group>";
		};
		AB203AA0256E7FE3005E3387 /* Preview Content */ = {
			isa = PBXGroup;
			children = (
				AB203AA1256E7FE3005E3387 /* Preview Assets.xcassets */,
			);
			path = "Preview Content";
			sourceTree = "<group>";
		};
/* End PBXGroup section */

/* Begin PBXNativeTarget section */
		AB203A70256E7C41005E3387 /* Klockapp */ = {
			isa = PBXNativeTarget;
			buildConfigurationList = AB203A80256E7C44005E3387 /* Build configuration list for PBXNativeTarget "Klockapp" */;
			buildPhases = (
				AB203A6D256E7C41005E3387 /* Sources */,
				AB203A6E256E7C41005E3387 /* Frameworks */,
				AB203A6F256E7C41005E3387 /* Resources */,
				AB203AAF256E7FE3005E3387 /* Embed Watch Content */,
			);
			buildRules = (
			);
			dependencies = (
				AB203AA6256E7FE3005E3387 /* PBXTargetDependency */,
			);
			name = Klockapp;
			productName = Klockapp;
			productReference = AB203A71256E7C41005E3387 /* Klockapp.app */;
			productType = "com.apple.product-type.application";
		};
		AB203A85256E7FE0005E3387 /* KlockappAW */ = {
			isa = PBXNativeTarget;
			buildConfigurationList = AB203AAC256E7FE3005E3387 /* Build configuration list for PBXNativeTarget "KlockappAW" */;
			buildPhases = (
				AB203A84256E7FE0005E3387 /* Resources */,
				AB203AAB256E7FE3005E3387 /* Embed App Extensions */,
			);
			buildRules = (
			);
			dependencies = (
				AB203A92256E7FE2005E3387 /* PBXTargetDependency */,
			);
			name = KlockappAW;
			productName = KlockappAW;
			productReference = AB203A86256E7FE0005E3387 /* KlockappAW.app */;
			productType = "com.apple.product-type.application.watchapp2";
		};
		AB203A8E256E7FE2005E3387 /* KlockappAW Extension */ = {
			isa = PBXNativeTarget;
			buildConfigurationList = AB203AA8256E7FE3005E3387 /* Build configuration list for PBXNativeTarget "KlockappAW Extension" */;
			buildPhases = (
				AB203A8B256E7FE2005E3387 /* Sources */,
				AB203A8C256E7FE2005E3387 /* Frameworks */,
				AB203A8D256E7FE2005E3387 /* Resources */,
			);
			buildRules = (
			);
			dependencies = (
			);
			name = "KlockappAW Extension";
			productName = "KlockappAW Extension";
			productReference = AB203A8F256E7FE2005E3387 /* KlockappAW Extension.appex */;
			productType = "com.apple.product-type.watchkit2-extension";
		};
/* End PBXNativeTarget section */

/* Begin PBXProject section */
		AB203A69256E7C41005E3387 /* Project object */ = {
			isa = PBXProject;
			attributes = {
				LastSwiftUpdateCheck = 1220;
				LastUpgradeCheck = 1220;
				TargetAttributes = {
					AB203A70256E7C41005E3387 = {
						CreatedOnToolsVersion = 12.2;
					};
					AB203A85256E7FE0005E3387 = {
						CreatedOnToolsVersion = 12.2;
					};
					AB203A8E256E7FE2005E3387 = {
						CreatedOnToolsVersion = 12.2;
					};
				};
			};
			buildConfigurationList = AB203A6C256E7C41005E3387 /* Build configuration list for PBXProject "Klockapp" */;
			compatibilityVersion = "Xcode 9.3";
			developmentRegion = en;
			hasScannedForEncodings = 0;
			knownRegions = (
				en,
				Base,
			);
			mainGroup = AB203A68256E7C41005E3387;
			productRefGroup = AB203A72256E7C41005E3387 /* Products */;
			projectDirPath = "";
			projectRoot = "";
			targets = (
				AB203A70256E7C41005E3387 /* Klockapp */,
				AB203A85256E7FE0005E3387 /* KlockappAW */,
				AB203A8E256E7FE2005E3387 /* KlockappAW Extension */,
			);
		};
/* End PBXProject section */

/* Begin PBXResourcesBuildPhase section */
		AB203A6F256E7C41005E3387 /* Resources */ = {
			isa = PBXResourcesBuildPhase;
			buildActionMask = 2147483647;
			files = (
				AB203A7C256E7C44005E3387 /* Preview Assets.xcassets in Resources */,
				AB203A79256E7C44005E3387 /* Assets.xcassets in Resources */,
			);
			runOnlyForDeploymentPostprocessing = 0;
		};
		AB203A84256E7FE0005E3387 /* Resources */ = {
			isa = PBXResourcesBuildPhase;
			buildActionMask = 2147483647;
			files = (
				AB203A89256E7FE2005E3387 /* Assets.xcassets in Resources */,
			);
			runOnlyForDeploymentPostprocessing = 0;
		};
		AB203A8D256E7FE2005E3387 /* Resources */ = {
			isa = PBXResourcesBuildPhase;
			buildActionMask = 2147483647;
			files = (
				AB203AA2256E7FE3005E3387 /* Preview Assets.xcassets in Resources */,
				AB203A9F256E7FE3005E3387 /* Assets.xcassets in Resources */,
			);
			runOnlyForDeploymentPostprocessing = 0;
		};
/* End PBXResourcesBuildPhase section */

/* Begin PBXSourcesBuildPhase section */
		AB203A6D256E7C41005E3387 /* Sources */ = {
			isa = PBXSourcesBuildPhase;
			buildActionMask = 2147483647;
			files = (
				AB203A77256E7C41005E3387 /* ContentView.swift in Sources */,
				AB203AB4256E849B005E3387 /* Klockcom.swift in Sources */,
				AB203A75256E7C41005E3387 /* KlockappApp.swift in Sources */,
			);
			runOnlyForDeploymentPostprocessing = 0;
		};
		AB203A8B256E7FE2005E3387 /* Sources */ = {
			isa = PBXSourcesBuildPhase;
			buildActionMask = 2147483647;
			files = (
				AB203A99256E7FE2005E3387 /* NotificationController.swift in Sources */,
				AB203A97256E7FE2005E3387 /* ContentView.swift in Sources */,
				AB203A9D256E7FE3005E3387 /* ComplicationController.swift in Sources */,
				AB203A95256E7FE2005E3387 /* KlockappApp.swift in Sources */,
				AB203ABF256E8842005E3387 /* Klockcom.swift in Sources */,
				AB203A9B256E7FE2005E3387 /* NotificationView.swift in Sources */,
			);
			runOnlyForDeploymentPostprocessing = 0;
		};
/* End PBXSourcesBuildPhase section */

/* Begin PBXTargetDependency section */
		AB203A92256E7FE2005E3387 /* PBXTargetDependency */ = {
			isa = PBXTargetDependency;
			target = AB203A8E256E7FE2005E3387 /* KlockappAW Extension */;
			targetProxy = AB203A91256E7FE2005E3387 /* PBXContainerItemProxy */;
		};
		AB203AA6256E7FE3005E3387 /* PBXTargetDependency */ = {
			isa = PBXTargetDependency;
			target = AB203A85256E7FE0005E3387 /* KlockappAW */;
			targetProxy = AB203AA5256E7FE3005E3387 /* PBXContainerItemProxy */;
		};
/* End PBXTargetDependency section */

/* Begin XCBuildConfiguration section */
		AB203A7E256E7C44005E3387 /* Debug */ = {
			isa = XCBuildConfiguration;
			buildSettings = {
				ALWAYS_SEARCH_USER_PATHS = NO;
				CLANG_ANALYZER_NONNULL = YES;
				CLANG_ANALYZER_NUMBER_OBJECT_CONVERSION = YES_AGGRESSIVE;
				CLANG_CXX_LANGUAGE_STANDARD = "gnu++14";
				CLANG_CXX_LIBRARY = "libc++";
				CLANG_ENABLE_MODULES = YES;
				CLANG_ENABLE_OBJC_ARC = YES;
				CLANG_ENABLE_OBJC_WEAK = YES;
				CLANG_WARN_BLOCK_CAPTURE_AUTORELEASING = YES;
				CLANG_WARN_BOOL_CONVERSION = YES;
				CLANG_WARN_COMMA = YES;
				CLANG_WARN_CONSTANT_CONVERSION = YES;
				CLANG_WARN_DEPRECATED_OBJC_IMPLEMENTATIONS = YES;
				CLANG_WARN_DIRECT_OBJC_ISA_USAGE = YES_ERROR;
				CLANG_WARN_DOCUMENTATION_COMMENTS = YES;
				CLANG_WARN_EMPTY_BODY = YES;
				CLANG_WARN_ENUM_CONVERSION = YES;
				CLANG_WARN_INFINITE_RECURSION = YES;
				CLANG_WARN_INT_CONVERSION = YES;
				CLANG_WARN_NON_LITERAL_NULL_CONVERSION = YES;
				CLANG_WARN_OBJC_IMPLICIT_RETAIN_SELF = YES;
				CLANG_WARN_OBJC_LITERAL_CONVERSION = YES;
				CLANG_WARN_OBJC_ROOT_CLASS = YES_ERROR;
				CLANG_WARN_QUOTED_INCLUDE_IN_FRAMEWORK_HEADER = YES;
				CLANG_WARN_RANGE_LOOP_ANALYSIS = YES;
				CLANG_WARN_STRICT_PROTOTYPES = YES;
				CLANG_WARN_SUSPICIOUS_MOVE = YES;
				CLANG_WARN_UNGUARDED_AVAILABILITY = YES_AGGRESSIVE;
				CLANG_WARN_UNREACHABLE_CODE = YES;
				CLANG_WARN__DUPLICATE_METHOD_MATCH = YES;
				COPY_PHASE_STRIP = NO;
				DEBUG_INFORMATION_FORMAT = dwarf;
				ENABLE_STRICT_OBJC_MSGSEND = YES;
				ENABLE_TESTABILITY = YES;
				GCC_C_LANGUAGE_STANDARD = gnu11;
				GCC_DYNAMIC_NO_PIC = NO;
				GCC_NO_COMMON_BLOCKS = YES;
				GCC_OPTIMIZATION_LEVEL = 0;
				GCC_PREPROCESSOR_DEFINITIONS = (
					"DEBUG=1",
					"$(inherited)",
				);
				GCC_WARN_64_TO_32_BIT_CONVERSION = YES;
				GCC_WARN_ABOUT_RETURN_TYPE = YES_ERROR;
				GCC_WARN_UNDECLARED_SELECTOR = YES;
				GCC_WARN_UNINITIALIZED_AUTOS = YES_AGGRESSIVE;
				GCC_WARN_UNUSED_FUNCTION = YES;
				GCC_WARN_UNUSED_VARIABLE = YES;
				IPHONEOS_DEPLOYMENT_TARGET = 14.2;
				MTL_ENABLE_DEBUG_INFO = INCLUDE_SOURCE;
				MTL_FAST_MATH = YES;
				ONLY_ACTIVE_ARCH = YES;
				SDKROOT = iphoneos;
				SWIFT_ACTIVE_COMPILATION_CONDITIONS = DEBUG;
				SWIFT_OPTIMIZATION_LEVEL = "-Onone";
			};
			name = Debug;
		};
		AB203A7F256E7C44005E3387 /* Release */ = {
			isa = XCBuildConfiguration;
			buildSettings = {
				ALWAYS_SEARCH_USER_PATHS = NO;
				CLANG_ANALYZER_NONNULL = YES;
				CLANG_ANALYZER_NUMBER_OBJECT_CONVERSION = YES_AGGRESSIVE;
				CLANG_CXX_LANGUAGE_STANDARD = "gnu++14";
				CLANG_CXX_LIBRARY = "libc++";
				CLANG_ENABLE_MODULES = YES;
				CLANG_ENABLE_OBJC_ARC = YES;
				CLANG_ENABLE_OBJC_WEAK = YES;
				CLANG_WARN_BLOCK_CAPTURE_AUTORELEASING = YES;
				CLANG_WARN_BOOL_CONVERSION = YES;
				CLANG_WARN_COMMA = YES;
				CLANG_WARN_CONSTANT_CONVERSION = YES;
				CLANG_WARN_DEPRECATED_OBJC_IMPLEMENTATIONS = YES;
				CLANG_WARN_DIRECT_OBJC_ISA_USAGE = YES_ERROR;
				CLANG_WARN_DOCUMENTATION_COMMENTS = YES;
				CLANG_WARN_EMPTY_BODY = YES;
				CLANG_WARN_ENUM_CONVERSION = YES;
				CLANG_WARN_INFINITE_RECURSION = YES;
				CLANG_WARN_INT_CONVERSION = YES;
				CLANG_WARN_NON_LITERAL_NULL_CONVERSION = YES;
				CLANG_WARN_OBJC_IMPLICIT_RETAIN_SELF = YES;
				CLANG_WARN_OBJC_LITERAL_CONVERSION = YES;
				CLANG_WARN_OBJC_ROOT_CLASS = YES_ERROR;
				CLANG_WARN_QUOTED_INCLUDE_IN_FRAMEWORK_HEADER = YES;
				CLANG_WARN_RANGE_LOOP_ANALYSIS = YES;
				CLANG_WARN_STRICT_PROTOTYPES = YES;
				CLANG_WARN_SUSPICIOUS_MOVE = YES;
				CLANG_WARN_UNGUARDED_AVAILABILITY = YES_AGGRESSIVE;
				CLANG_WARN_UNREACHABLE_CODE = YES;
				CLANG_WARN__DUPLICATE_METHOD_MATCH = YES;
				COPY_PHASE_STRIP = NO;
				DEBUG_INFORMATION_FORMAT = "dwarf-with-dsym";
				ENABLE_NS_ASSERTIONS = NO;
				ENABLE_STRICT_OBJC_MSGSEND = YES;
				GCC_C_LANGUAGE_STANDARD = gnu11;
				GCC_NO_COMMON_BLOCKS = YES;
				GCC_WARN_64_TO_32_BIT_CONVERSION = YES;
				GCC_WARN_ABOUT_RETURN_TYPE = YES_ERROR;
				GCC_WARN_UNDECLARED_SELECTOR = YES;
				GCC_WARN_UNINITIALIZED_AUTOS = YES_AGGRESSIVE;
				GCC_WARN_UNUSED_FUNCTION = YES;
				GCC_WARN_UNUSED_VARIABLE = YES;
				IPHONEOS_DEPLOYMENT_TARGET = 14.2;
				MTL_ENABLE_DEBUG_INFO = NO;
				MTL_FAST_MATH = YES;
				SDKROOT = iphoneos;
				SWIFT_COMPILATION_MODE = wholemodule;
				SWIFT_OPTIMIZATION_LEVEL = "-O";
				VALIDATE_PRODUCT = YES;
			};
			name = Release;
		};
		AB203A81256E7C44005E3387 /* Debug */ = {
			isa = XCBuildConfiguration;
			buildSettings = {
				ASSETCATALOG_COMPILER_APPICON_NAME = AppIcon;
				ASSETCATALOG_COMPILER_GLOBAL_ACCENT_COLOR_NAME = AccentColor;
				CODE_SIGN_ENTITLEMENTS = Klockapp/Klockapp.entitlements;
				CODE_SIGN_STYLE = Automatic;
				DEVELOPMENT_ASSET_PATHS = "\"Klockapp/Preview Content\"";
				DEVELOPMENT_TEAM = 6SGQZ32758;
				ENABLE_PREVIEWS = YES;
				INFOPLIST_FILE = Klockapp/Info.plist;
				IPHONEOS_DEPLOYMENT_TARGET = 14.0;
				LD_RUNPATH_SEARCH_PATHS = (
					"$(inherited)",
					"@executable_path/Frameworks",
				);
				PRODUCT_BUNDLE_IDENTIFIER = se.magictechnology.Klockapp;
				PRODUCT_NAME = "$(TARGET_NAME)";
				SWIFT_VERSION = 5.0;
				TARGETED_DEVICE_FAMILY = "1,2";
			};
			name = Debug;
		};
		AB203A82256E7C44005E3387 /* Release */ = {
			isa = XCBuildConfiguration;
			buildSettings = {
				ASSETCATALOG_COMPILER_APPICON_NAME = AppIcon;
				ASSETCATALOG_COMPILER_GLOBAL_ACCENT_COLOR_NAME = AccentColor;
				CODE_SIGN_ENTITLEMENTS = Klockapp/Klockapp.entitlements;
				CODE_SIGN_STYLE = Automatic;
				DEVELOPMENT_ASSET_PATHS = "\"Klockapp/Preview Content\"";
				ENABLE_PREVIEWS = YES;
				INFOPLIST_FILE = Klockapp/Info.plist;
				IPHONEOS_DEPLOYMENT_TARGET = 14.0;
				LD_RUNPATH_SEARCH_PATHS = (
					"$(inherited)",
					"@executable_path/Frameworks",
				);
				PRODUCT_BUNDLE_IDENTIFIER = se.magictechnology.Klockapp;
				PRODUCT_NAME = "$(TARGET_NAME)";
				SWIFT_VERSION = 5.0;
				TARGETED_DEVICE_FAMILY = "1,2";
			};
			name = Release;
		};
		AB203AA9256E7FE3005E3387 /* Debug */ = {
			isa = XCBuildConfiguration;
			buildSettings = {
				ASSETCATALOG_COMPILER_COMPLICATION_NAME = Complication;
				CODE_SIGN_ENTITLEMENTS = "KlockappAW Extension/KlockappAW Extension.entitlements";
				CODE_SIGN_STYLE = Automatic;
				DEVELOPMENT_ASSET_PATHS = "\"KlockappAW Extension/Preview Content\"";
				DEVELOPMENT_TEAM = 6SGQZ32758;
				ENABLE_PREVIEWS = YES;
				INFOPLIST_FILE = "KlockappAW Extension/Info.plist";
				LD_RUNPATH_SEARCH_PATHS = (
					"$(inherited)",
					"@executable_path/Frameworks",
					"@executable_path/../../Frameworks",
				);
				PRODUCT_BUNDLE_IDENTIFIER = se.magictechnology.Klockapp.watchkitapp.watchkitextension;
				PRODUCT_NAME = "${TARGET_NAME}";
				SDKROOT = watchos;
				SKIP_INSTALL = YES;
				SWIFT_VERSION = 5.0;
				TARGETED_DEVICE_FAMILY = 4;
				WATCHOS_DEPLOYMENT_TARGET = 7.1;
			};
			name = Debug;
		};
		AB203AAA256E7FE3005E3387 /* Release */ = {
			isa = XCBuildConfiguration;
			buildSettings = {
				ASSETCATALOG_COMPILER_COMPLICATION_NAME = Complication;
				CODE_SIGN_ENTITLEMENTS = "KlockappAW Extension/KlockappAW Extension.entitlements";
				CODE_SIGN_STYLE = Automatic;
				DEVELOPMENT_ASSET_PATHS = "\"KlockappAW Extension/Preview Content\"";
				DEVELOPMENT_TEAM = 6SGQZ32758;
				ENABLE_PREVIEWS = YES;
				INFOPLIST_FILE = "KlockappAW Extension/Info.plist";
				LD_RUNPATH_SEARCH_PATHS = (
					"$(inherited)",
					"@executable_path/Frameworks",
					"@executable_path/../../Frameworks",
				);
				PRODUCT_BUNDLE_IDENTIFIER = se.magictechnology.Klockapp.watchkitapp.watchkitextension;
				PRODUCT_NAME = "${TARGET_NAME}";
				SDKROOT = watchos;
				SKIP_INSTALL = YES;
				SWIFT_VERSION = 5.0;
				TARGETED_DEVICE_FAMILY = 4;
				WATCHOS_DEPLOYMENT_TARGET = 7.1;
			};
			name = Release;
		};
		AB203AAD256E7FE3005E3387 /* Debug */ = {
			isa = XCBuildConfiguration;
			buildSettings = {
				ALWAYS_EMBED_SWIFT_STANDARD_LIBRARIES = YES;
				ASSETCATALOG_COMPILER_APPICON_NAME = AppIcon;
				ASSETCATALOG_COMPILER_GLOBAL_ACCENT_COLOR_NAME = AccentColor;
				CODE_SIGN_STYLE = Automatic;
				IBSC_MODULE = KlockappAW_Extension;
				INFOPLIST_FILE = KlockappAW/Info.plist;
				PRODUCT_BUNDLE_IDENTIFIER = se.magictechnology.Klockapp.watchkitapp;
				PRODUCT_NAME = "$(TARGET_NAME)";
				SDKROOT = watchos;
				SKIP_INSTALL = YES;
				SWIFT_VERSION = 5.0;
				TARGETED_DEVICE_FAMILY = 4;
				WATCHOS_DEPLOYMENT_TARGET = 7.1;
			};
			name = Debug;
		};
		AB203AAE256E7FE3005E3387 /* Release */ = {
			isa = XCBuildConfiguration;
			buildSettings = {
				ALWAYS_EMBED_SWIFT_STANDARD_LIBRARIES = YES;
				ASSETCATALOG_COMPILER_APPICON_NAME = AppIcon;
				ASSETCATALOG_COMPILER_GLOBAL_ACCENT_COLOR_NAME = AccentColor;
				CODE_SIGN_STYLE = Automatic;
				IBSC_MODULE = KlockappAW_Extension;
				INFOPLIST_FILE = KlockappAW/Info.plist;
				PRODUCT_BUNDLE_IDENTIFIER = se.magictechnology.Klockapp.watchkitapp;
				PRODUCT_NAME = "$(TARGET_NAME)";
				SDKROOT = watchos;
				SKIP_INSTALL = YES;
				SWIFT_VERSION = 5.0;
				TARGETED_DEVICE_FAMILY = 4;
				WATCHOS_DEPLOYMENT_TARGET = 7.1;
			};
			name = Release;
		};
/* End XCBuildConfiguration section */

/* Begin XCConfigurationList section */
		AB203A6C256E7C41005E3387 /* Build configuration list for PBXProject "Klockapp" */ = {
			isa = XCConfigurationList;
			buildConfigurations = (
				AB203A7E256E7C44005E3387 /* Debug */,
				AB203A7F256E7C44005E3387 /* Release */,
			);
			defaultConfigurationIsVisible = 0;
			defaultConfigurationName = Release;
		};
		AB203A80256E7C44005E3387 /* Build configuration list for PBXNativeTarget "Klockapp" */ = {
			isa = XCConfigurationList;
			buildConfigurations = (
				AB203A81256E7C44005E3387 /* Debug */,
				AB203A82256E7C44005E3387 /* Release */,
			);
			defaultConfigurationIsVisible = 0;
			defaultConfigurationName = Release;
		};
		AB203AA8256E7FE3005E3387 /* Build configuration list for PBXNativeTarget "KlockappAW Extension" */ = {
			isa = XCConfigurationList;
			buildConfigurations = (
				AB203AA9256E7FE3005E3387 /* Debug */,
				AB203AAA256E7FE3005E3387 /* Release */,
			);
			defaultConfigurationIsVisible = 0;
			defaultConfigurationName = Release;
		};
		AB203AAC256E7FE3005E3387 /* Build configuration list for PBXNativeTarget "KlockappAW" */ = {
			isa = XCConfigurationList;
			buildConfigurations = (
				AB203AAD256E7FE3005E3387 /* Debug */,
				AB203AAE256E7FE3005E3387 /* Release */,
			);
			defaultConfigurationIsVisible = 0;
			defaultConfigurationName = Release;
		};
/* End XCConfigurationList section */
	};
	rootObject = AB203A69256E7C41005E3387 /* Project object */;
}
